
Microsoft Visual Studio Solution File, Format Version 12.00
# Visual Studio Version 17
VisualStudioVersion = 17.7.34018.315
MinimumVisualStudioVersion = 10.0.40219.1
Project("{FAE04EC0-301F-11D3-BF4B-00C04F79EFBC}") = "PROG7312_ST10043367_POE", "PROG7312_ST10043367_POE\PROG7312_ST10043367_POE.csproj", "{6A72C049-9E83-4430-9D19-EF1A1FD57458}"
EndProject
Global
	GlobalSection(SolutionConfigurationPlatforms) = preSolution
		Debug|Any CPU = Debug|Any CPU
		Release|Any CPU = Release|Any CPU
	EndGlobalSection
	GlobalSection(ProjectConfigurationPlatforms) = postSolution
		{6A72C049-9E83-4430-9D19-EF1A1FD57458}.Debug|Any CPU.ActiveCfg = Debug|Any CPU
		{6A72C049-9E83-4430-9D19-EF1A1FD57458}.Debug|Any CPU.Build.0 = Debug|Any CPU
		{6A72C049-9E83-4430-9D19-EF1A1FD57458}.Release|Any CPU.ActiveCfg = Release|Any CPU
		{6A72C049-9E83-4430-9D19-EF1A1FD57458}.Release|Any CPU.Build.0 = Release|Any CPU
	EndGlobalSection
	GlobalSection(SolutionProperties) = preSolution
		HideSolutionNode = FALSE
	EndGlobalSection
	GlobalSection(ExtensibilityGlobals) = postSolution
		SolutionGuid = {69BDE975-1217-4FEC-A69E-42ED582E613F}
	EndGlobalSection
EndGlobal
